<?xml version="1.0" encoding="utf-8"?>
<Project ToolsVersion="4.0" xmlns="http://schemas.microsoft.com/developer/msbuild/2003">
  <ItemGroup>
    <Filter Include="kernel">
      <UniqueIdentifier>{09a021cb-9a3e-4dde-8537-314a52ae20a8}</UniqueIdentifier>
    </Filter>
    <Filter Include="kernel\graphics">
      <UniqueIdentifier>{95f8756b-095c-472c-b541-027a8f8c81c2}</UniqueIdentifier>
    </Filter>
    <Filter Include="kernel\memory">
      <UniqueIdentifier>{ac19de90-f577-4126-9d11-d655a4102093}</UniqueIdentifier>
    </Filter>
    <Filter Include="special">
      <UniqueIdentifier>{c035cc93-b2f6-4df6-9331-2a033a405469}</UniqueIdentifier>
    </Filter>
    <Filter Include="fastlib">
      <UniqueIdentifier>{b9f4d7df-a809-45bd-a7cf-4c9233c7e470}</UniqueIdentifier>
    </Filter>
  </ItemGroup>
  <ItemGroup>
    <ClCompile Include="src\kernel\entry.cpp">
      <Filter>kernel</Filter>
    </ClCompile>
    <ClCompile Include="src\special\null.cpp">
      <Filter>special</Filter>
    </ClCompile>
    <ClCompile Include="src\fastlib\np.cpp">
      <Filter>fastlib</Filter>
    </ClCompile>
  </ItemGroup>
  <ItemGroup>
    <ClInclude Include="src\kernel\FastOS.h">
      <Filter>kernel</Filter>
    </ClInclude>
    <ClInclude Include="src\kernel\FastStaticErrorHandler.h">
      <Filter>kernel</Filter>
    </ClInclude>
    <ClInclude Include="src\kernel\FastTerminal.h">
      <Filter>kernel</Filter>
    </ClInclude>
    <ClInclude Include="src\kernel\kernel.h">
      <Filter>kernel</Filter>
    </ClInclude>
    <ClInclude Include="src\kernel\vgautils.h">
      <Filter>kernel</Filter>
    </ClInclude>
    <ClInclude Include="src\kernel\graphics\FastVBE.h">
      <Filter>kernel\graphics</Filter>
    </ClInclude>
    <ClInclude Include="src\kernel\graphics\FastVGA.h">
      <Filter>kernel\graphics</Filter>
    </ClInclude>
    <ClInclude Include="src\kernel\graphics\FastVGATextBuffer.h">
      <Filter>kernel\graphics</Filter>
    </ClInclude>
    <ClInclude Include="src\kernel\memory\a20.h">
      <Filter>kernel\memory</Filter>
    </ClInclude>
    <ClInclude Include="src\kernel\memory\FastArray.h">
      <Filter>kernel\memory</Filter>
    </ClInclude>
    <ClInclude Include="src\kernel\memory\FastLowMemoryAllocator.h">
      <Filter>kernel\memory</Filter>
    </ClInclude>
    <ClInclude Include="src\kernel\memory\FastMemory.h">
      <Filter>kernel\memory</Filter>
    </ClInclude>
    <ClInclude Include="src\kernel\memory\FastPtr.h">
      <Filter>kernel\memory</Filter>
    </ClInclude>
    <ClInclude Include="src\special\boot.h">
      <Filter>special</Filter>
    </ClInclude>
    <ClInclude Include="src\special\multiboot.h">
      <Filter>special</Filter>
    </ClInclude>
    <ClInclude Include="src\fastlib\FastAsm.h">
      <Filter>fastlib</Filter>
    </ClInclude>
    <ClInclude Include="src\fastlib\FastConstants.h">
      <Filter>fastlib</Filter>
    </ClInclude>
    <ClInclude Include="src\fastlib\FastDefines.h">
      <Filter>fastlib</Filter>
    </ClInclude>
    <ClInclude Include="src\fastlib\maths.h">
      <Filter>fastlib</Filter>
    </ClInclude>
    <ClInclude Include="src\fastlib\stdlib.h">
      <Filter>fastlib</Filter>
    </ClInclude>
    <ClInclude Include="src\fastlib\string.h">
      <Filter>fastlib</Filter>
    </ClInclude>
  </ItemGroup>
  <ItemGroup>
    <None Include="src\special\boot.S">
      <Filter>special</Filter>
    </None>
    <None Include="src\special\kernel.ld">
      <Filter>special</Filter>
    </None>
  </ItemGroup>
</Project>